
Microsoft Visual Studio Solution File, Format Version 12.00
# Visual Studio Version 17
VisualStudioVersion = 17.5.002.0
MinimumVisualStudioVersion = 10.0.40219.1
Project("{9A19103F-16F7-4668-BE54-9A1E7A4F7556}") = "MyMauiApp1", "MyMauiApp1.csproj", "{17DB3D86-E87F-46E3-BE9A-2AF77E9B8D52}"
EndProject
Global
	GlobalSection(SolutionConfigurationPlatforms) = preSolution
		Debug|Any CPU = Debug|Any CPU
		Release|Any CPU = Release|Any CPU
	EndGlobalSection
	GlobalSection(ProjectConfigurationPlatforms) = postSolution
		{17DB3D86-E87F-46E3-BE9A-2AF77E9B8D52}.Debug|Any CPU.ActiveCfg = Debug|Any CPU
		{17DB3D86-E87F-46E3-BE9A-2AF77E9B8D52}.Debug|Any CPU.Build.0 = Debug|Any CPU
		{17DB3D86-E87F-46E3-BE9A-2AF77E9B8D52}.Release|Any CPU.ActiveCfg = Release|Any CPU
		{17DB3D86-E87F-46E3-BE9A-2AF77E9B8D52}.Release|Any CPU.Build.0 = Release|Any CPU
	EndGlobalSection
	GlobalSection(SolutionProperties) = preSolution
		HideSolutionNode = FALSE
	EndGlobalSection
	GlobalSection(ExtensibilityGlobals) = postSolution
		SolutionGuid = {231A0C4A-34C8-4F55-8068-6E38EBD3C3D7}
	EndGlobalSection
EndGlobal
